
Microsoft Visual Studio Solution File, Format Version 12.00
Project("{2150E333-8FDC-42A3-9474-1A3956D46DE8}") = "src", "src", "{6979BD37-391C-4EB3-88E6-BE0B0DAA885D}"
EndProject
Project("{FAE04EC0-301F-11D3-BF4B-00C04F79EFBC}") = "DirectoryService.Presentation", "src\DirectoryService\DirectoryService.Presentation\DirectoryService.Presentation.csproj", "{44FEB702-8A0E-4664-BE83-48488DE27C77}"
EndProject
Project("{2150E333-8FDC-42A3-9474-1A3956D46DE8}") = "Solution Items", "Solution Items", "{1AD9B699-1747-437D-BFB3-216ED63865DE}"
	ProjectSection(SolutionItems) = preProject
		Directory.Build.props = Directory.Build.props
		.editorconfig = .editorconfig
	EndProjectSection
EndProject
Project("{FAE04EC0-301F-11D3-BF4B-00C04F79EFBC}") = "DirectoryService.Domain", "src\DirectoryService\DirectoryService.Domain\DirectoryService.Domain.csproj", "{3B9851C1-CAB2-439F-A91D-C07F9D0CCA97}"
EndProject
Project("{FAE04EC0-301F-11D3-BF4B-00C04F79EFBC}") = "DirectoryService.Contracts", "src\DirectoryService\DirectoryService.Contracts\DirectoryService.Contracts.csproj", "{3EB9488E-7287-42B9-AEB9-4CEA0E2F87D7}"
EndProject
Project("{FAE04EC0-301F-11D3-BF4B-00C04F79EFBC}") = "DirectoryService.Application", "src\DirectoryService\DirectoryService.Application\DirectoryService.Application.csproj", "{D714FD21-94A2-4471-9AE3-CDC4196A3C63}"
EndProject
Project("{FAE04EC0-301F-11D3-BF4B-00C04F79EFBC}") = "DirectoryService.Infrastructure.Postgres", "src\DirectoryService\DirectoryService.Infrastructure.Postgres\DirectoryService.Infrastructure.Postgres.csproj", "{166B34C0-7A7A-4989-B2F0-8A7B4564D107}"
EndProject
Project("{2150E333-8FDC-42A3-9474-1A3956D46DE8}") = "tests", "tests", "{5A7A728E-A785-4E5C-AED0-8E3F30CA740E}"
EndProject
Project("{FAE04EC0-301F-11D3-BF4B-00C04F79EFBC}") = "DirectoryService.IntegrationTests", "tests\DirectoryService.IntegrationTests\DirectoryService.IntegrationTests.csproj", "{493BFAD0-FD11-4D17-AD63-3808F62200A5}"
EndProject
Project("{2150E333-8FDC-42A3-9474-1A3956D46DE8}") = "FileService", "FileService", "{98780FEE-28ED-D528-04E7-2753259F8CDF}"
EndProject
Project("{FAE04EC0-301F-11D3-BF4B-00C04F79EFBC}") = "FileService.Contracts", "src\FileService\FileService.Contracts\FileService.Contracts.csproj", "{549DF36C-81EE-45EE-B8F5-293711FB8AB0}"
EndProject
Project("{FAE04EC0-301F-11D3-BF4B-00C04F79EFBC}") = "FileService.Domain", "src\FileService\FileService.Domain\FileService.Domain.csproj", "{AFFAAC79-2C8A-4B0E-8B05-F3B9EA56708F}"
EndProject
Project("{FAE04EC0-301F-11D3-BF4B-00C04F79EFBC}") = "FileService.Core", "src\FileService\FileService.Core\FileService.Core.csproj", "{FFEB5D3F-CA5B-4763-A6EE-DA86B978F567}"
EndProject
Project("{FAE04EC0-301F-11D3-BF4B-00C04F79EFBC}") = "FileService.Infrastructure.Postgres", "src\FileService\FileService.Infrastructure.Postgres\FileService.Infrastructure.Postgres.csproj", "{47259490-3CF4-4893-B78E-428053E68C96}"
EndProject
Project("{FAE04EC0-301F-11D3-BF4B-00C04F79EFBC}") = "FileService.Infrastructure.S3", "src\FileService\FileService.Infrastructure.S3\FileService.Infrastructure.S3.csproj", "{DCAFD6B7-4F45-4252-B8A6-63081DBC188B}"
EndProject
Project("{FAE04EC0-301F-11D3-BF4B-00C04F79EFBC}") = "FileService.Web", "src\FileService\FileService.Web\FileService.Web.csproj", "{E861FFFD-3D7B-4C24-9D98-C557C04A2EF2}"
EndProject
Global
	GlobalSection(SolutionConfigurationPlatforms) = preSolution
		Debug|Any CPU = Debug|Any CPU
		Debug|x64 = Debug|x64
		Debug|x86 = Debug|x86
		Release|Any CPU = Release|Any CPU
		Release|x64 = Release|x64
		Release|x86 = Release|x86
	EndGlobalSection
	GlobalSection(ProjectConfigurationPlatforms) = postSolution
		{44FEB702-8A0E-4664-BE83-48488DE27C77}.Debug|Any CPU.ActiveCfg = Debug|Any CPU
		{44FEB702-8A0E-4664-BE83-48488DE27C77}.Debug|Any CPU.Build.0 = Debug|Any CPU
		{44FEB702-8A0E-4664-BE83-48488DE27C77}.Debug|x64.ActiveCfg = Debug|Any CPU
		{44FEB702-8A0E-4664-BE83-48488DE27C77}.Debug|x64.Build.0 = Debug|Any CPU
		{44FEB702-8A0E-4664-BE83-48488DE27C77}.Debug|x86.ActiveCfg = Debug|Any CPU
		{44FEB702-8A0E-4664-BE83-48488DE27C77}.Debug|x86.Build.0 = Debug|Any CPU
		{44FEB702-8A0E-4664-BE83-48488DE27C77}.Release|Any CPU.ActiveCfg = Release|Any CPU
		{44FEB702-8A0E-4664-BE83-48488DE27C77}.Release|Any CPU.Build.0 = Release|Any CPU
		{44FEB702-8A0E-4664-BE83-48488DE27C77}.Release|x64.ActiveCfg = Release|Any CPU
		{44FEB702-8A0E-4664-BE83-48488DE27C77}.Release|x64.Build.0 = Release|Any CPU
		{44FEB702-8A0E-4664-BE83-48488DE27C77}.Release|x86.ActiveCfg = Release|Any CPU
		{44FEB702-8A0E-4664-BE83-48488DE27C77}.Release|x86.Build.0 = Release|Any CPU
		{3B9851C1-CAB2-439F-A91D-C07F9D0CCA97}.Debug|Any CPU.ActiveCfg = Debug|Any CPU
		{3B9851C1-CAB2-439F-A91D-C07F9D0CCA97}.Debug|Any CPU.Build.0 = Debug|Any CPU
		{3B9851C1-CAB2-439F-A91D-C07F9D0CCA97}.Debug|x64.ActiveCfg = Debug|Any CPU
		{3B9851C1-CAB2-439F-A91D-C07F9D0CCA97}.Debug|x64.Build.0 = Debug|Any CPU
		{3B9851C1-CAB2-439F-A91D-C07F9D0CCA97}.Debug|x86.ActiveCfg = Debug|Any CPU
		{3B9851C1-CAB2-439F-A91D-C07F9D0CCA97}.Debug|x86.Build.0 = Debug|Any CPU
		{3B9851C1-CAB2-439F-A91D-C07F9D0CCA97}.Release|Any CPU.ActiveCfg = Release|Any CPU
		{3B9851C1-CAB2-439F-A91D-C07F9D0CCA97}.Release|Any CPU.Build.0 = Release|Any CPU
		{3B9851C1-CAB2-439F-A91D-C07F9D0CCA97}.Release|x64.ActiveCfg = Release|Any CPU
		{3B9851C1-CAB2-439F-A91D-C07F9D0CCA97}.Release|x64.Build.0 = Release|Any CPU
		{3B9851C1-CAB2-439F-A91D-C07F9D0CCA97}.Release|x86.ActiveCfg = Release|Any CPU
		{3B9851C1-CAB2-439F-A91D-C07F9D0CCA97}.Release|x86.Build.0 = Release|Any CPU
		{3EB9488E-7287-42B9-AEB9-4CEA0E2F87D7}.Debug|Any CPU.ActiveCfg = Debug|Any CPU
		{3EB9488E-7287-42B9-AEB9-4CEA0E2F87D7}.Debug|Any CPU.Build.0 = Debug|Any CPU
		{3EB9488E-7287-42B9-AEB9-4CEA0E2F87D7}.Debug|x64.ActiveCfg = Debug|Any CPU
		{3EB9488E-7287-42B9-AEB9-4CEA0E2F87D7}.Debug|x64.Build.0 = Debug|Any CPU
		{3EB9488E-7287-42B9-AEB9-4CEA0E2F87D7}.Debug|x86.ActiveCfg = Debug|Any CPU
		{3EB9488E-7287-42B9-AEB9-4CEA0E2F87D7}.Debug|x86.Build.0 = Debug|Any CPU
		{3EB9488E-7287-42B9-AEB9-4CEA0E2F87D7}.Release|Any CPU.ActiveCfg = Release|Any CPU
		{3EB9488E-7287-42B9-AEB9-4CEA0E2F87D7}.Release|Any CPU.Build.0 = Release|Any CPU
		{3EB9488E-7287-42B9-AEB9-4CEA0E2F87D7}.Release|x64.ActiveCfg = Release|Any CPU
		{3EB9488E-7287-42B9-AEB9-4CEA0E2F87D7}.Release|x64.Build.0 = Release|Any CPU
		{3EB9488E-7287-42B9-AEB9-4CEA0E2F87D7}.Release|x86.ActiveCfg = Release|Any CPU
		{3EB9488E-7287-42B9-AEB9-4CEA0E2F87D7}.Release|x86.Build.0 = Release|Any CPU
		{D714FD21-94A2-4471-9AE3-CDC4196A3C63}.Debug|Any CPU.ActiveCfg = Debug|Any CPU
		{D714FD21-94A2-4471-9AE3-CDC4196A3C63}.Debug|Any CPU.Build.0 = Debug|Any CPU
		{D714FD21-94A2-4471-9AE3-CDC4196A3C63}.Debug|x64.ActiveCfg = Debug|Any CPU
		{D714FD21-94A2-4471-9AE3-CDC4196A3C63}.Debug|x64.Build.0 = Debug|Any CPU
		{D714FD21-94A2-4471-9AE3-CDC4196A3C63}.Debug|x86.ActiveCfg = Debug|Any CPU
		{D714FD21-94A2-4471-9AE3-CDC4196A3C63}.Debug|x86.Build.0 = Debug|Any CPU
		{D714FD21-94A2-4471-9AE3-CDC4196A3C63}.Release|Any CPU.ActiveCfg = Release|Any CPU
		{D714FD21-94A2-4471-9AE3-CDC4196A3C63}.Release|Any CPU.Build.0 = Release|Any CPU
		{D714FD21-94A2-4471-9AE3-CDC4196A3C63}.Release|x64.ActiveCfg = Release|Any CPU
		{D714FD21-94A2-4471-9AE3-CDC4196A3C63}.Release|x64.Build.0 = Release|Any CPU
		{D714FD21-94A2-4471-9AE3-CDC4196A3C63}.Release|x86.ActiveCfg = Release|Any CPU
		{D714FD21-94A2-4471-9AE3-CDC4196A3C63}.Release|x86.Build.0 = Release|Any CPU
		{166B34C0-7A7A-4989-B2F0-8A7B4564D107}.Debug|Any CPU.ActiveCfg = Debug|Any CPU
		{166B34C0-7A7A-4989-B2F0-8A7B4564D107}.Debug|Any CPU.Build.0 = Debug|Any CPU
		{166B34C0-7A7A-4989-B2F0-8A7B4564D107}.Debug|x64.ActiveCfg = Debug|Any CPU
		{166B34C0-7A7A-4989-B2F0-8A7B4564D107}.Debug|x64.Build.0 = Debug|Any CPU
		{166B34C0-7A7A-4989-B2F0-8A7B4564D107}.Debug|x86.ActiveCfg = Debug|Any CPU
		{166B34C0-7A7A-4989-B2F0-8A7B4564D107}.Debug|x86.Build.0 = Debug|Any CPU
		{166B34C0-7A7A-4989-B2F0-8A7B4564D107}.Release|Any CPU.ActiveCfg = Release|Any CPU
		{166B34C0-7A7A-4989-B2F0-8A7B4564D107}.Release|Any CPU.Build.0 = Release|Any CPU
		{166B34C0-7A7A-4989-B2F0-8A7B4564D107}.Release|x64.ActiveCfg = Release|Any CPU
		{166B34C0-7A7A-4989-B2F0-8A7B4564D107}.Release|x64.Build.0 = Release|Any CPU
		{166B34C0-7A7A-4989-B2F0-8A7B4564D107}.Release|x86.ActiveCfg = Release|Any CPU
		{166B34C0-7A7A-4989-B2F0-8A7B4564D107}.Release|x86.Build.0 = Release|Any CPU
		{493BFAD0-FD11-4D17-AD63-3808F62200A5}.Debug|Any CPU.ActiveCfg = Debug|Any CPU
		{493BFAD0-FD11-4D17-AD63-3808F62200A5}.Debug|Any CPU.Build.0 = Debug|Any CPU
		{493BFAD0-FD11-4D17-AD63-3808F62200A5}.Debug|x64.ActiveCfg = Debug|Any CPU
		{493BFAD0-FD11-4D17-AD63-3808F62200A5}.Debug|x64.Build.0 = Debug|Any CPU
		{493BFAD0-FD11-4D17-AD63-3808F62200A5}.Debug|x86.ActiveCfg = Debug|Any CPU
		{493BFAD0-FD11-4D17-AD63-3808F62200A5}.Debug|x86.Build.0 = Debug|Any CPU
		{493BFAD0-FD11-4D17-AD63-3808F62200A5}.Release|Any CPU.ActiveCfg = Release|Any CPU
		{493BFAD0-FD11-4D17-AD63-3808F62200A5}.Release|Any CPU.Build.0 = Release|Any CPU
		{493BFAD0-FD11-4D17-AD63-3808F62200A5}.Release|x64.ActiveCfg = Release|Any CPU
		{493BFAD0-FD11-4D17-AD63-3808F62200A5}.Release|x64.Build.0 = Release|Any CPU
		{493BFAD0-FD11-4D17-AD63-3808F62200A5}.Release|x86.ActiveCfg = Release|Any CPU
		{493BFAD0-FD11-4D17-AD63-3808F62200A5}.Release|x86.Build.0 = Release|Any CPU
		{549DF36C-81EE-45EE-B8F5-293711FB8AB0}.Debug|Any CPU.ActiveCfg = Debug|Any CPU
		{549DF36C-81EE-45EE-B8F5-293711FB8AB0}.Debug|Any CPU.Build.0 = Debug|Any CPU
		{549DF36C-81EE-45EE-B8F5-293711FB8AB0}.Debug|x64.ActiveCfg = Debug|Any CPU
		{549DF36C-81EE-45EE-B8F5-293711FB8AB0}.Debug|x64.Build.0 = Debug|Any CPU
		{549DF36C-81EE-45EE-B8F5-293711FB8AB0}.Debug|x86.ActiveCfg = Debug|Any CPU
		{549DF36C-81EE-45EE-B8F5-293711FB8AB0}.Debug|x86.Build.0 = Debug|Any CPU
		{549DF36C-81EE-45EE-B8F5-293711FB8AB0}.Release|Any CPU.ActiveCfg = Release|Any CPU
		{549DF36C-81EE-45EE-B8F5-293711FB8AB0}.Release|Any CPU.Build.0 = Release|Any CPU
		{549DF36C-81EE-45EE-B8F5-293711FB8AB0}.Release|x64.ActiveCfg = Release|Any CPU
		{549DF36C-81EE-45EE-B8F5-293711FB8AB0}.Release|x64.Build.0 = Release|Any CPU
		{549DF36C-81EE-45EE-B8F5-293711FB8AB0}.Release|x86.ActiveCfg = Release|Any CPU
		{549DF36C-81EE-45EE-B8F5-293711FB8AB0}.Release|x86.Build.0 = Release|Any CPU
		{AFFAAC79-2C8A-4B0E-8B05-F3B9EA56708F}.Debug|Any CPU.ActiveCfg = Debug|Any CPU
		{AFFAAC79-2C8A-4B0E-8B05-F3B9EA56708F}.Debug|Any CPU.Build.0 = Debug|Any CPU
		{AFFAAC79-2C8A-4B0E-8B05-F3B9EA56708F}.Debug|x64.ActiveCfg = Debug|Any CPU
		{AFFAAC79-2C8A-4B0E-8B05-F3B9EA56708F}.Debug|x64.Build.0 = Debug|Any CPU
		{AFFAAC79-2C8A-4B0E-8B05-F3B9EA56708F}.Debug|x86.ActiveCfg = Debug|Any CPU
		{AFFAAC79-2C8A-4B0E-8B05-F3B9EA56708F}.Debug|x86.Build.0 = Debug|Any CPU
		{AFFAAC79-2C8A-4B0E-8B05-F3B9EA56708F}.Release|Any CPU.ActiveCfg = Release|Any CPU
		{AFFAAC79-2C8A-4B0E-8B05-F3B9EA56708F}.Release|Any CPU.Build.0 = Release|Any CPU
		{AFFAAC79-2C8A-4B0E-8B05-F3B9EA56708F}.Release|x64.ActiveCfg = Release|Any CPU
		{AFFAAC79-2C8A-4B0E-8B05-F3B9EA56708F}.Release|x64.Build.0 = Release|Any CPU
		{AFFAAC79-2C8A-4B0E-8B05-F3B9EA56708F}.Release|x86.ActiveCfg = Release|Any CPU
		{AFFAAC79-2C8A-4B0E-8B05-F3B9EA56708F}.Release|x86.Build.0 = Release|Any CPU
		{FFEB5D3F-CA5B-4763-A6EE-DA86B978F567}.Debug|Any CPU.ActiveCfg = Debug|Any CPU
		{FFEB5D3F-CA5B-4763-A6EE-DA86B978F567}.Debug|Any CPU.Build.0 = Debug|Any CPU
		{FFEB5D3F-CA5B-4763-A6EE-DA86B978F567}.Debug|x64.ActiveCfg = Debug|Any CPU
		{FFEB5D3F-CA5B-4763-A6EE-DA86B978F567}.Debug|x64.Build.0 = Debug|Any CPU
		{FFEB5D3F-CA5B-4763-A6EE-DA86B978F567}.Debug|x86.ActiveCfg = Debug|Any CPU
		{FFEB5D3F-CA5B-4763-A6EE-DA86B978F567}.Debug|x86.Build.0 = Debug|Any CPU
		{FFEB5D3F-CA5B-4763-A6EE-DA86B978F567}.Release|Any CPU.ActiveCfg = Release|Any CPU
		{FFEB5D3F-CA5B-4763-A6EE-DA86B978F567}.Release|Any CPU.Build.0 = Release|Any CPU
		{FFEB5D3F-CA5B-4763-A6EE-DA86B978F567}.Release|x64.ActiveCfg = Release|Any CPU
		{FFEB5D3F-CA5B-4763-A6EE-DA86B978F567}.Release|x64.Build.0 = Release|Any CPU
		{FFEB5D3F-CA5B-4763-A6EE-DA86B978F567}.Release|x86.ActiveCfg = Release|Any CPU
		{FFEB5D3F-CA5B-4763-A6EE-DA86B978F567}.Release|x86.Build.0 = Release|Any CPU
		{47259490-3CF4-4893-B78E-428053E68C96}.Debug|Any CPU.ActiveCfg = Debug|Any CPU
		{47259490-3CF4-4893-B78E-428053E68C96}.Debug|Any CPU.Build.0 = Debug|Any CPU
		{47259490-3CF4-4893-B78E-428053E68C96}.Debug|x64.ActiveCfg = Debug|Any CPU
		{47259490-3CF4-4893-B78E-428053E68C96}.Debug|x64.Build.0 = Debug|Any CPU
		{47259490-3CF4-4893-B78E-428053E68C96}.Debug|x86.ActiveCfg = Debug|Any CPU
		{47259490-3CF4-4893-B78E-428053E68C96}.Debug|x86.Build.0 = Debug|Any CPU
		{47259490-3CF4-4893-B78E-428053E68C96}.Release|Any CPU.ActiveCfg = Release|Any CPU
		{47259490-3CF4-4893-B78E-428053E68C96}.Release|Any CPU.Build.0 = Release|Any CPU
		{47259490-3CF4-4893-B78E-428053E68C96}.Release|x64.ActiveCfg = Release|Any CPU
		{47259490-3CF4-4893-B78E-428053E68C96}.Release|x64.Build.0 = Release|Any CPU
		{47259490-3CF4-4893-B78E-428053E68C96}.Release|x86.ActiveCfg = Release|Any CPU
		{47259490-3CF4-4893-B78E-428053E68C96}.Release|x86.Build.0 = Release|Any CPU
		{DCAFD6B7-4F45-4252-B8A6-63081DBC188B}.Debug|Any CPU.ActiveCfg = Debug|Any CPU
		{DCAFD6B7-4F45-4252-B8A6-63081DBC188B}.Debug|Any CPU.Build.0 = Debug|Any CPU
		{DCAFD6B7-4F45-4252-B8A6-63081DBC188B}.Debug|x64.ActiveCfg = Debug|Any CPU
		{DCAFD6B7-4F45-4252-B8A6-63081DBC188B}.Debug|x64.Build.0 = Debug|Any CPU
		{DCAFD6B7-4F45-4252-B8A6-63081DBC188B}.Debug|x86.ActiveCfg = Debug|Any CPU
		{DCAFD6B7-4F45-4252-B8A6-63081DBC188B}.Debug|x86.Build.0 = Debug|Any CPU
		{DCAFD6B7-4F45-4252-B8A6-63081DBC188B}.Release|Any CPU.ActiveCfg = Release|Any CPU
		{DCAFD6B7-4F45-4252-B8A6-63081DBC188B}.Release|Any CPU.Build.0 = Release|Any CPU
		{DCAFD6B7-4F45-4252-B8A6-63081DBC188B}.Release|x64.ActiveCfg = Release|Any CPU
		{DCAFD6B7-4F45-4252-B8A6-63081DBC188B}.Release|x64.Build.0 = Release|Any CPU
		{DCAFD6B7-4F45-4252-B8A6-63081DBC188B}.Release|x86.ActiveCfg = Release|Any CPU
		{DCAFD6B7-4F45-4252-B8A6-63081DBC188B}.Release|x86.Build.0 = Release|Any CPU
		{E861FFFD-3D7B-4C24-9D98-C557C04A2EF2}.Debug|Any CPU.ActiveCfg = Debug|Any CPU
		{E861FFFD-3D7B-4C24-9D98-C557C04A2EF2}.Debug|Any CPU.Build.0 = Debug|Any CPU
		{E861FFFD-3D7B-4C24-9D98-C557C04A2EF2}.Debug|x64.ActiveCfg = Debug|Any CPU
		{E861FFFD-3D7B-4C24-9D98-C557C04A2EF2}.Debug|x64.Build.0 = Debug|Any CPU
		{E861FFFD-3D7B-4C24-9D98-C557C04A2EF2}.Debug|x86.ActiveCfg = Debug|Any CPU
		{E861FFFD-3D7B-4C24-9D98-C557C04A2EF2}.Debug|x86.Build.0 = Debug|Any CPU
		{E861FFFD-3D7B-4C24-9D98-C557C04A2EF2}.Release|Any CPU.ActiveCfg = Release|Any CPU
		{E861FFFD-3D7B-4C24-9D98-C557C04A2EF2}.Release|Any CPU.Build.0 = Release|Any CPU
		{E861FFFD-3D7B-4C24-9D98-C557C04A2EF2}.Release|x64.ActiveCfg = Release|Any CPU
		{E861FFFD-3D7B-4C24-9D98-C557C04A2EF2}.Release|x64.Build.0 = Release|Any CPU
		{E861FFFD-3D7B-4C24-9D98-C557C04A2EF2}.Release|x86.ActiveCfg = Release|Any CPU
		{E861FFFD-3D7B-4C24-9D98-C557C04A2EF2}.Release|x86.Build.0 = Release|Any CPU
	EndGlobalSection
	GlobalSection(SolutionProperties) = preSolution
		HideSolutionNode = FALSE
	EndGlobalSection
	GlobalSection(NestedProjects) = preSolution
		{44FEB702-8A0E-4664-BE83-48488DE27C77} = {6979BD37-391C-4EB3-88E6-BE0B0DAA885D}
		{3B9851C1-CAB2-439F-A91D-C07F9D0CCA97} = {6979BD37-391C-4EB3-88E6-BE0B0DAA885D}
		{3EB9488E-7287-42B9-AEB9-4CEA0E2F87D7} = {6979BD37-391C-4EB3-88E6-BE0B0DAA885D}
		{D714FD21-94A2-4471-9AE3-CDC4196A3C63} = {6979BD37-391C-4EB3-88E6-BE0B0DAA885D}
		{166B34C0-7A7A-4989-B2F0-8A7B4564D107} = {6979BD37-391C-4EB3-88E6-BE0B0DAA885D}
		{493BFAD0-FD11-4D17-AD63-3808F62200A5} = {5A7A728E-A785-4E5C-AED0-8E3F30CA740E}
		{98780FEE-28ED-D528-04E7-2753259F8CDF} = {6979BD37-391C-4EB3-88E6-BE0B0DAA885D}
		{549DF36C-81EE-45EE-B8F5-293711FB8AB0} = {98780FEE-28ED-D528-04E7-2753259F8CDF}
		{AFFAAC79-2C8A-4B0E-8B05-F3B9EA56708F} = {98780FEE-28ED-D528-04E7-2753259F8CDF}
		{FFEB5D3F-CA5B-4763-A6EE-DA86B978F567} = {98780FEE-28ED-D528-04E7-2753259F8CDF}
		{47259490-3CF4-4893-B78E-428053E68C96} = {98780FEE-28ED-D528-04E7-2753259F8CDF}
		{DCAFD6B7-4F45-4252-B8A6-63081DBC188B} = {98780FEE-28ED-D528-04E7-2753259F8CDF}
		{E861FFFD-3D7B-4C24-9D98-C557C04A2EF2} = {98780FEE-28ED-D528-04E7-2753259F8CDF}
	EndGlobalSection
EndGlobal
