
Microsoft Visual Studio Solution File, Format Version 12.00
Project("{FAE04EC0-301F-11D3-BF4B-00C04F79EFBC}") = "DevQuestions.Domain", "src\DevQuestions.Domain\DevQuestions.Domain.csproj", "{A481B2ED-028C-4DED-9396-AD7991DF9CF4}"
EndProject
Project("{2150E333-8FDC-42A3-9474-1A3956D46DE8}") = "src", "src", "{6979BD37-391C-4EB3-88E6-BE0B0DAA885D}"
EndProject
Global
	GlobalSection(SolutionConfigurationPlatforms) = preSolution
		Debug|Any CPU = Debug|Any CPU
		Release|Any CPU = Release|Any CPU
	EndGlobalSection
	GlobalSection(ProjectConfigurationPlatforms) = postSolution
		{A481B2ED-028C-4DED-9396-AD7991DF9CF4}.Debug|Any CPU.ActiveCfg = Debug|Any CPU
		{A481B2ED-028C-4DED-9396-AD7991DF9CF4}.Debug|Any CPU.Build.0 = Debug|Any CPU
		{A481B2ED-028C-4DED-9396-AD7991DF9CF4}.Release|Any CPU.ActiveCfg = Release|Any CPU
		{A481B2ED-028C-4DED-9396-AD7991DF9CF4}.Release|Any CPU.Build.0 = Release|Any CPU
	EndGlobalSection
	GlobalSection(NestedProjects) = preSolution
		{A481B2ED-028C-4DED-9396-AD7991DF9CF4} = {6979BD37-391C-4EB3-88E6-BE0B0DAA885D}
	EndGlobalSection
EndGlobal
